// !$*UTF8*$!
{
	archiveVersion = 1;
	classes = {
	};
	objectVersion = 56;
	objects = {

/* Begin PBXBuildFile section */
		4AEEA4872A88B35000D21704 /* AppDelegate.swift in Sources */ = {isa = PBXBuildFile; fileRef = 4AEEA4862A88B35000D21704 /* AppDelegate.swift */; };
		4AEEA4892A88B35000D21704 /* SceneDelegate.swift in Sources */ = {isa = PBXBuildFile; fileRef = 4AEEA4882A88B35000D21704 /* SceneDelegate.swift */; };
		4AEEA48B2A88B35000D21704 /* ViewController.swift in Sources */ = {isa = PBXBuildFile; fileRef = 4AEEA48A2A88B35000D21704 /* ViewController.swift */; };
		4AEEA48E2A88B35000D21704 /* Main.storyboard in Resources */ = {isa = PBXBuildFile; fileRef = 4AEEA48C2A88B35000D21704 /* Main.storyboard */; };
		4AEEA4902A88B35100D21704 /* Assets.xcassets in Resources */ = {isa = PBXBuildFile; fileRef = 4AEEA48F2A88B35100D21704 /* Assets.xcassets */; };
		4AEEA4932A88B35100D21704 /* LaunchScreen.storyboard in Resources */ = {isa = PBXBuildFile; fileRef = 4AEEA4912A88B35100D21704 /* LaunchScreen.storyboard */; };
		4AEEA49B2A88B35B00D21704 /* DeclartiveResultBuilder.swift in Sources */ = {isa = PBXBuildFile; fileRef = 4AEEA49A2A88B35B00D21704 /* DeclartiveResultBuilder.swift */; };
		4AEEA49D2A88BA9F00D21704 /* DeclarativeView.swift in Sources */ = {isa = PBXBuildFile; fileRef = 4AEEA49C2A88BA9F00D21704 /* DeclarativeView.swift */; };
/* End PBXBuildFile section */

/* Begin PBXFileReference section */
		4AEEA4832A88B35000D21704 /* ExResultBuilderDeclarative.app */ = {isa = PBXFileReference; explicitFileType = wrapper.application; includeInIndex = 0; path = ExResultBuilderDeclarative.app; sourceTree = BUILT_PRODUCTS_DIR; };
		4AEEA4862A88B35000D21704 /* AppDelegate.swift */ = {isa = PBXFileReference; lastKnownFileType = sourcecode.swift; path = AppDelegate.swift; sourceTree = "<group>"; };
		4AEEA4882A88B35000D21704 /* SceneDelegate.swift */ = {isa = PBXFileReference; lastKnownFileType = sourcecode.swift; path = SceneDelegate.swift; sourceTree = "<group>"; };
		4AEEA48A2A88B35000D21704 /* ViewController.swift */ = {isa = PBXFileReference; lastKnownFileType = sourcecode.swift; path = ViewController.swift; sourceTree = "<group>"; };
		4AEEA48D2A88B35000D21704 /* Base */ = {isa = PBXFileReference; lastKnownFileType = file.storyboard; name = Base; path = Base.lproj/Main.storyboard; sourceTree = "<group>"; };
		4AEEA48F2A88B35100D21704 /* Assets.xcassets */ = {isa = PBXFileReference; lastKnownFileType = folder.assetcatalog; path = Assets.xcassets; sourceTree = "<group>"; };
		4AEEA4922A88B35100D21704 /* Base */ = {isa = PBXFileReference; lastKnownFileType = file.storyboard; name = Base; path = Base.lproj/LaunchScreen.storyboard; sourceTree = "<group>"; };
		4AEEA4942A88B35100D21704 /* Info.plist */ = {isa = PBXFileReference; lastKnownFileType = text.plist.xml; path = Info.plist; sourceTree = "<group>"; };
		4AEEA49A2A88B35B00D21704 /* DeclartiveResultBuilder.swift */ = {isa = PBXFileReference; lastKnownFileType = sourcecode.swift; path = DeclartiveResultBuilder.swift; sourceTree = "<group>"; };
		4AEEA49C2A88BA9F00D21704 /* DeclarativeView.swift */ = {isa = PBXFileReference; lastKnownFileType = sourcecode.swift; path = DeclarativeView.swift; sourceTree = "<group>"; };
/* End PBXFileReference section */

/* Begin PBXFrameworksBuildPhase section */
		4AEEA4802A88B35000D21704 /* Frameworks */ = {
			isa = PBXFrameworksBuildPhase;
			buildActionMask = 2147483647;
			files = (
			);
			runOnlyForDeploymentPostprocessing = 0;
		};
/* End PBXFrameworksBuildPhase section */

/* Begin PBXGroup section */
		4AEEA47A2A88B35000D21704 = {
			isa = PBXGroup;
			children = (
				4AEEA4852A88B35000D21704 /* ExResultBuilderDeclarative */,
				4AEEA4842A88B35000D21704 /* Products */,
			);
			sourceTree = "<group>";
		};
		4AEEA4842A88B35000D21704 /* Products */ = {
			isa = PBXGroup;
			children = (
				4AEEA4832A88B35000D21704 /* ExResultBuilderDeclarative.app */,
			);
			name = Products;
			sourceTree = "<group>";
		};
		4AEEA4852A88B35000D21704 /* ExResultBuilderDeclarative */ = {
			isa = PBXGroup;
			children = (
				4AEEA4862A88B35000D21704 /* AppDelegate.swift */,
				4AEEA4882A88B35000D21704 /* SceneDelegate.swift */,
				4AEEA48A2A88B35000D21704 /* ViewController.swift */,
				4AEEA49A2A88B35B00D21704 /* DeclartiveResultBuilder.swift */,
				4AEEA49C2A88BA9F00D21704 /* DeclarativeView.swift */,
				4AEEA48C2A88B35000D21704 /* Main.storyboard */,
				4AEEA48F2A88B35100D21704 /* Assets.xcassets */,
				4AEEA4912A88B35100D21704 /* LaunchScreen.storyboard */,
				4AEEA4942A88B35100D21704 /* Info.plist */,
			);
			path = ExResultBuilderDeclarative;
			sourceTree = "<group>";
		};
/* End PBXGroup section */

/* Begin PBXNativeTarget section */
		4AEEA4822A88B35000D21704 /* ExResultBuilderDeclarative */ = {
			isa = PBXNativeTarget;
			buildConfigurationList = 4AEEA4972A88B35100D21704 /* Build configuration list for PBXNativeTarget "ExResultBuilderDeclarative" */;
			buildPhases = (
				4AEEA47F2A88B35000D21704 /* Sources */,
				4AEEA4802A88B35000D21704 /* Frameworks */,
				4AEEA4812A88B35000D21704 /* Resources */,
			);
			buildRules = (
			);
			dependencies = (
			);
			name = ExResultBuilderDeclarative;
			productName = ExResultBuilderDeclarative;
			productReference = 4AEEA4832A88B35000D21704 /* ExResultBuilderDeclarative.app */;
			productType = "com.apple.product-type.application";
		};
/* End PBXNativeTarget section */

/* Begin PBXProject section */
		4AEEA47B2A88B35000D21704 /* Project object */ = {
			isa = PBXProject;
			attributes = {
				BuildIndependentTargetsInParallel = 1;
				LastSwiftUpdateCheck = 1430;
				LastUpgradeCheck = 1430;
				TargetAttributes = {
					4AEEA4822A88B35000D21704 = {
						CreatedOnToolsVersion = 14.3.1;
					};
				};
			};
			buildConfigurationList = 4AEEA47E2A88B35000D21704 /* Build configuration list for PBXProject "ExResultBuilderDeclarative" */;
			compatibilityVersion = "Xcode 14.0";
			developmentRegion = en;
			hasScannedForEncodings = 0;
			knownRegions = (
				en,
				Base,
			);
			mainGroup = 4AEEA47A2A88B35000D21704;
			productRefGroup = 4AEEA4842A88B35000D21704 /* Products */;
			projectDirPath = "";
			projectRoot = "";
			targets = (
				4AEEA4822A88B35000D21704 /* ExResultBuilderDeclarative */,
			);
		};
/* End PBXProject section */

/* Begin PBXResourcesBuildPhase section */
		4AEEA4812A88B35000D21704 /* Resources */ = {
			isa = PBXResourcesBuildPhase;
			buildActionMask = 2147483647;
			files = (
				4AEEA4932A88B35100D21704 /* LaunchScreen.storyboard in Resources */,
				4AEEA4902A88B35100D21704 /* Assets.xcassets in Resources */,
				4AEEA48E2A88B35000D21704 /* Main.storyboard in Resources */,
			);
			runOnlyForDeploymentPostprocessing = 0;
		};
/* End PBXResourcesBuildPhase section */

/* Begin PBXSourcesBuildPhase section */
		4AEEA47F2A88B35000D21704 /* Sources */ = {
			isa = PBXSourcesBuildPhase;
			buildActionMask = 2147483647;
			files = (
				4AEEA48B2A88B35000D21704 /* ViewController.swift in Sources */,
				4AEEA49B2A88B35B00D21704 /* DeclartiveResultBuilder.swift in Sources */,
				4AEEA4872A88B35000D21704 /* AppDelegate.swift in Sources */,
				4AEEA4892A88B35000D21704 /* SceneDelegate.swift in Sources */,
				4AEEA49D2A88BA9F00D21704 /* DeclarativeView.swift in Sources */,
			);
			runOnlyForDeploymentPostprocessing = 0;
		};
/* End PBXSourcesBuildPhase section */

/* Begin PBXVariantGroup section */
		4AEEA48C2A88B35000D21704 /* Main.storyboard */ = {
			isa = PBXVariantGroup;
			children = (
				4AEEA48D2A88B35000D21704 /* Base */,
			);
			name = Main.storyboard;
			sourceTree = "<group>";
		};
		4AEEA4912A88B35100D21704 /* LaunchScreen.storyboard */ = {
			isa = PBXVariantGroup;
			children = (
				4AEEA4922A88B35100D21704 /* Base */,
			);
			name = LaunchScreen.storyboard;
			sourceTree = "<group>";
		};
/* End PBXVariantGroup section */

/* Begin XCBuildConfiguration section */
		4AEEA4952A88B35100D21704 /* Debug */ = {
			isa = XCBuildConfiguration;
			buildSettings = {
				ALWAYS_SEARCH_USER_PATHS = NO;
				CLANG_ANALYZER_NONNULL = YES;
				CLANG_ANALYZER_NUMBER_OBJECT_CONVERSION = YES_AGGRESSIVE;
				CLANG_CXX_LANGUAGE_STANDARD = "gnu++20";
				CLANG_ENABLE_MODULES = YES;
				CLANG_ENABLE_OBJC_ARC = YES;
				CLANG_ENABLE_OBJC_WEAK = YES;
				CLANG_WARN_BLOCK_CAPTURE_AUTORELEASING = YES;
				CLANG_WARN_BOOL_CONVERSION = YES;
				CLANG_WARN_COMMA = YES;
				CLANG_WARN_CONSTANT_CONVERSION = YES;
				CLANG_WARN_DEPRECATED_OBJC_IMPLEMENTATIONS = YES;
				CLANG_WARN_DIRECT_OBJC_ISA_USAGE = YES_ERROR;
				CLANG_WARN_DOCUMENTATION_COMMENTS = YES;
				CLANG_WARN_EMPTY_BODY = YES;
				CLANG_WARN_ENUM_CONVERSION = YES;
				CLANG_WARN_INFINITE_RECURSION = YES;
				CLANG_WARN_INT_CONVERSION = YES;
				CLANG_WARN_NON_LITERAL_NULL_CONVERSION = YES;
				CLANG_WARN_OBJC_IMPLICIT_RETAIN_SELF = YES;
				CLANG_WARN_OBJC_LITERAL_CONVERSION = YES;
				CLANG_WARN_OBJC_ROOT_CLASS = YES_ERROR;
				CLANG_WARN_QUOTED_INCLUDE_IN_FRAMEWORK_HEADER = YES;
				CLANG_WARN_RANGE_LOOP_ANALYSIS = YES;
				CLANG_WARN_STRICT_PROTOTYPES = YES;
				CLANG_WARN_SUSPICIOUS_MOVE = YES;
				CLANG_WARN_UNGUARDED_AVAILABILITY = YES_AGGRESSIVE;
				CLANG_WARN_UNREACHABLE_CODE = YES;
				CLANG_WARN__DUPLICATE_METHOD_MATCH = YES;
				COPY_PHASE_STRIP = NO;
				DEBUG_INFORMATION_FORMAT = dwarf;
				ENABLE_STRICT_OBJC_MSGSEND = YES;
				ENABLE_TESTABILITY = YES;
				GCC_C_LANGUAGE_STANDARD = gnu11;
				GCC_DYNAMIC_NO_PIC = NO;
				GCC_NO_COMMON_BLOCKS = YES;
				GCC_OPTIMIZATION_LEVEL = 0;
				GCC_PREPROCESSOR_DEFINITIONS = (
					"DEBUG=1",
					"$(inherited)",
				);
				GCC_WARN_64_TO_32_BIT_CONVERSION = YES;
				GCC_WARN_ABOUT_RETURN_TYPE = YES_ERROR;
				GCC_WARN_UNDECLARED_SELECTOR = YES;
				GCC_WARN_UNINITIALIZED_AUTOS = YES_AGGRESSIVE;
				GCC_WARN_UNUSED_FUNCTION = YES;
				GCC_WARN_UNUSED_VARIABLE = YES;
				IPHONEOS_DEPLOYMENT_TARGET = 16.4;
				MTL_ENABLE_DEBUG_INFO = INCLUDE_SOURCE;
				MTL_FAST_MATH = YES;
				ONLY_ACTIVE_ARCH = YES;
				SDKROOT = iphoneos;
				SWIFT_ACTIVE_COMPILATION_CONDITIONS = DEBUG;
				SWIFT_OPTIMIZATION_LEVEL = "-Onone";
			};
			name = Debug;
		};
		4AEEA4962A88B35100D21704 /* Release */ = {
			isa = XCBuildConfiguration;
			buildSettings = {
				ALWAYS_SEARCH_USER_PATHS = NO;
				CLANG_ANALYZER_NONNULL = YES;
				CLANG_ANALYZER_NUMBER_OBJECT_CONVERSION = YES_AGGRESSIVE;
				CLANG_CXX_LANGUAGE_STANDARD = "gnu++20";
				CLANG_ENABLE_MODULES = YES;
				CLANG_ENABLE_OBJC_ARC = YES;
				CLANG_ENABLE_OBJC_WEAK = YES;
				CLANG_WARN_BLOCK_CAPTURE_AUTORELEASING = YES;
				CLANG_WARN_BOOL_CONVERSION = YES;
				CLANG_WARN_COMMA = YES;
				CLANG_WARN_CONSTANT_CONVERSION = YES;
				CLANG_WARN_DEPRECATED_OBJC_IMPLEMENTATIONS = YES;
				CLANG_WARN_DIRECT_OBJC_ISA_USAGE = YES_ERROR;
				CLANG_WARN_DOCUMENTATION_COMMENTS = YES;
				CLANG_WARN_EMPTY_BODY = YES;
				CLANG_WARN_ENUM_CONVERSION = YES;
				CLANG_WARN_INFINITE_RECURSION = YES;
				CLANG_WARN_INT_CONVERSION = YES;
				CLANG_WARN_NON_LITERAL_NULL_CONVERSION = YES;
				CLANG_WARN_OBJC_IMPLICIT_RETAIN_SELF = YES;
				CLANG_WARN_OBJC_LITERAL_CONVERSION = YES;
				CLANG_WARN_OBJC_ROOT_CLASS = YES_ERROR;
				CLANG_WARN_QUOTED_INCLUDE_IN_FRAMEWORK_HEADER = YES;
				CLANG_WARN_RANGE_LOOP_ANALYSIS = YES;
				CLANG_WARN_STRICT_PROTOTYPES = YES;
				CLANG_WARN_SUSPICIOUS_MOVE = YES;
				CLANG_WARN_UNGUARDED_AVAILABILITY = YES_AGGRESSIVE;
				CLANG_WARN_UNREACHABLE_CODE = YES;
				CLANG_WARN__DUPLICATE_METHOD_MATCH = YES;
				COPY_PHASE_STRIP = NO;
				DEBUG_INFORMATION_FORMAT = "dwarf-with-dsym";
				ENABLE_NS_ASSERTIONS = NO;
				ENABLE_STRICT_OBJC_MSGSEND = YES;
				GCC_C_LANGUAGE_STANDARD = gnu11;
				GCC_NO_COMMON_BLOCKS = YES;
				GCC_WARN_64_TO_32_BIT_CONVERSION = YES;
				GCC_WARN_ABOUT_RETURN_TYPE = YES_ERROR;
				GCC_WARN_UNDECLARED_SELECTOR = YES;
				GCC_WARN_UNINITIALIZED_AUTOS = YES_AGGRESSIVE;
				GCC_WARN_UNUSED_FUNCTION = YES;
				GCC_WARN_UNUSED_VARIABLE = YES;
				IPHONEOS_DEPLOYMENT_TARGET = 16.4;
				MTL_ENABLE_DEBUG_INFO = NO;
				MTL_FAST_MATH = YES;
				SDKROOT = iphoneos;
				SWIFT_COMPILATION_MODE = wholemodule;
				SWIFT_OPTIMIZATION_LEVEL = "-O";
				VALIDATE_PRODUCT = YES;
			};
			name = Release;
		};
		4AEEA4982A88B35100D21704 /* Debug */ = {
			isa = XCBuildConfiguration;
			buildSettings = {
				ASSETCATALOG_COMPILER_APPICON_NAME = AppIcon;
				ASSETCATALOG_COMPILER_GLOBAL_ACCENT_COLOR_NAME = AccentColor;
				CODE_SIGN_STYLE = Automatic;
				CURRENT_PROJECT_VERSION = 1;
				DEVELOPMENT_TEAM = SS7U83UJNK;
				GENERATE_INFOPLIST_FILE = YES;
				INFOPLIST_FILE = ExResultBuilderDeclarative/Info.plist;
				INFOPLIST_KEY_UIApplicationSupportsIndirectInputEvents = YES;
				INFOPLIST_KEY_UILaunchStoryboardName = LaunchScreen;
				INFOPLIST_KEY_UIMainStoryboardFile = Main;
				INFOPLIST_KEY_UISupportedInterfaceOrientations_iPad = "UIInterfaceOrientationPortrait UIInterfaceOrientationPortraitUpsideDown UIInterfaceOrientationLandscapeLeft UIInterfaceOrientationLandscapeRight";
				INFOPLIST_KEY_UISupportedInterfaceOrientations_iPhone = "UIInterfaceOrientationPortrait UIInterfaceOrientationLandscapeLeft UIInterfaceOrientationLandscapeRight";
				LD_RUNPATH_SEARCH_PATHS = (
					"$(inherited)",
					"@executable_path/Frameworks",
				);
				MARKETING_VERSION = 1.0;
				PRODUCT_BUNDLE_IDENTIFIER = com.jake.ExResultBuilderDeclarative;
				PRODUCT_NAME = "$(TARGET_NAME)";
				SWIFT_EMIT_LOC_STRINGS = YES;
				SWIFT_VERSION = 5.0;
				TARGETED_DEVICE_FAMILY = "1,2";
			};
			name = Debug;
		};
		4AEEA4992A88B35100D21704 /* Release */ = {
			isa = XCBuildConfiguration;
			buildSettings = {
				ASSETCATALOG_COMPILER_APPICON_NAME = AppIcon;
				ASSETCATALOG_COMPILER_GLOBAL_ACCENT_COLOR_NAME = AccentColor;
				CODE_SIGN_STYLE = Automatic;
				CURRENT_PROJECT_VERSION = 1;
				DEVELOPMENT_TEAM = SS7U83UJNK;
				GENERATE_INFOPLIST_FILE = YES;
				INFOPLIST_FILE = ExResultBuilderDeclarative/Info.plist;
				INFOPLIST_KEY_UIApplicationSupportsIndirectInputEvents = YES;
				INFOPLIST_KEY_UILaunchStoryboardName = LaunchScreen;
				INFOPLIST_KEY_UIMainStoryboardFile = Main;
				INFOPLIST_KEY_UISupportedInterfaceOrientations_iPad = "UIInterfaceOrientationPortrait UIInterfaceOrientationPortraitUpsideDown UIInterfaceOrientationLandscapeLeft UIInterfaceOrientationLandscapeRight";
				INFOPLIST_KEY_UISupportedInterfaceOrientations_iPhone = "UIInterfaceOrientationPortrait UIInterfaceOrientationLandscapeLeft UIInterfaceOrientationLandscapeRight";
				LD_RUNPATH_SEARCH_PATHS = (
					"$(inherited)",
					"@executable_path/Frameworks",
				);
				MARKETING_VERSION = 1.0;
				PRODUCT_BUNDLE_IDENTIFIER = com.jake.ExResultBuilderDeclarative;
				PRODUCT_NAME = "$(TARGET_NAME)";
				SWIFT_EMIT_LOC_STRINGS = YES;
				SWIFT_VERSION = 5.0;
				TARGETED_DEVICE_FAMILY = "1,2";
			};
			name = Release;
		};
/* End XCBuildConfiguration section */

/* Begin XCConfigurationList section */
		4AEEA47E2A88B35000D21704 /* Build configuration list for PBXProject "ExResultBuilderDeclarative" */ = {
			isa = XCConfigurationList;
			buildConfigurations = (
				4AEEA4952A88B35100D21704 /* Debug */,
				4AEEA4962A88B35100D21704 /* Release */,
			);
			defaultConfigurationIsVisible = 0;
			defaultConfigurationName = Release;
		};
		4AEEA4972A88B35100D21704 /* Build configuration list for PBXNativeTarget "ExResultBuilderDeclarative" */ = {
			isa = XCConfigurationList;
			buildConfigurations = (
				4AEEA4982A88B35100D21704 /* Debug */,
				4AEEA4992A88B35100D21704 /* Release */,
			);
			defaultConfigurationIsVisible = 0;
			defaultConfigurationName = Release;
		};
/* End XCConfigurationList section */
	};
	rootObject = 4AEEA47B2A88B35000D21704 /* Project object */;
}
